{
  "nodes": {
    "awesome-wm-widgets": {
      "flake": false,
      "locked": {
        "lastModified": 1769260761,
        "narHash": "sha256-Tet64Qw7R7lKRbN4KXGn9wyUuSTTy6DIaoTD9Db23cg=",
        "owner": "streetturtle",
        "repo": "awesome-wm-widgets",
        "rev": "c257e22ccbc1536de46e8ae83935d173926fd9ec",
        "type": "github"
      },
      "original": {
        "owner": "streetturtle",
        "repo": "awesome-wm-widgets",
        "type": "github"
      }
    },
    "flake-parts": {
      "inputs": {
        "nixpkgs-lib": "nixpkgs-lib"
      },
      "locked": {
        "lastModified": 1768135262,
        "narHash": "sha256-PVvu7OqHBGWN16zSi6tEmPwwHQ4rLPU9Plvs8/1TUBY=",
        "owner": "hercules-ci",
        "repo": "flake-parts",
        "rev": "80daad04eddbbf5a4d883996a73f3f542fa437ac",
        "type": "github"
      },
      "original": {
        "id": "flake-parts",
        "type": "indirect"
      }
    },
    "home-manager": {
      "inputs": {
        "nixpkgs": [
          "nixpkgs"
        ]
      },
      "locked": {
        "lastModified": 1769723138,
        "narHash": "sha256-kgkwjs33YfJasADIrHjHcTIDs3wNX0xzJhnUP+oldEw=",
        "owner": "nix-community",
        "repo": "home-manager",
        "rev": "175532b6275b34598a0ceb1aef4b9b4006dd4073",
        "type": "github"
      },
      "original": {
        "owner": "nix-community",
        "repo": "home-manager",
        "type": "github"
      }
    },
    "nix-secrets": {
      "flake": false,
      "locked": {
        "lastModified": 1769764161,
        "narHash": "sha256-/vGUhy20qH4c+DdVfrKb05R3TY5kmRYD6a3qDqmpvNo=",
        "ref": "refs/heads/master",
        "rev": "1888ef657dcc9164d3c77dafc68e8c959a707b78",
        "revCount": 24,
        "type": "git",
        "url": "file:./nix-secrets"
      },
      "original": {
        "type": "git",
        "url": "file:./nix-secrets"
      }
    },
    "nixpkgs": {
      "locked": {
        "lastModified": 1769461804,
        "narHash": "sha256-msG8SU5WsBUfVVa/9RPLaymvi5bI8edTavbIq3vRlhI=",
        "owner": "nixos",
        "repo": "nixpkgs",
        "rev": "bfc1b8a4574108ceef22f02bafcf6611380c100d",
        "type": "github"
      },
      "original": {
        "owner": "nixos",
        "ref": "nixos-unstable",
        "repo": "nixpkgs",
        "type": "github"
      }
    },
    "nixpkgs-lib": {
      "locked": {
        "lastModified": 1765674936,
        "narHash": "sha256-k00uTP4JNfmejrCLJOwdObYC9jHRrr/5M/a/8L2EIdo=",
        "owner": "nix-community",
        "repo": "nixpkgs.lib",
        "rev": "2075416fcb47225d9b68ac469a5c4801a9c4dd85",
        "type": "github"
      },
      "original": {
        "owner": "nix-community",
        "repo": "nixpkgs.lib",
        "type": "github"
      }
    },
    "root": {
      "inputs": {
        "awesome-wm-widgets": "awesome-wm-widgets",
        "flake-parts": "flake-parts",
        "home-manager": "home-manager",
        "nix-secrets": "nix-secrets",
        "nixpkgs": "nixpkgs",
        "starship-dracula": "starship-dracula"
      }
    },
    "starship-dracula": {
      "flake": false,
      "locked": {
        "lastModified": 1749634780,
        "narHash": "sha256-gFnRdz+OBsIWK78ERACwv/Y5RUwpbPX3gGnJdjJVJo4=",
        "owner": "dracula",
        "repo": "starship",
        "rev": "920e9f46ccc25beee15ed7fe0baddabdfeaaf92a",
        "type": "github"
      },
      "original": {
        "owner": "dracula",
        "repo": "starship",
        "type": "github"
      }
    }
  },
  "root": "root",
  "version": 7
}
